{
    "_readme": [
        "This file locks the dependencies of your project to a known state",
        "Read more about it at https://getcomposer.org/doc/01-basic-usage.md#installing-dependencies",
        "This file is @generated automatically"
    ],
    "content-hash": "a00291d039536b9c8eff80f032d85558",
    "packages": [],
    "packages-dev": [
        {
            "name": "srag/generateplugininfoshelper",
            "version": "2.6.0",
            "source": {
                "type": "git",
                "url": "https://github.com/studer-raimann/GeneratePluginInfosHelper.git",
                "reference": "ba69bc820a45df076f1c65601ee75697236eccc7"
            },
            "dist": {
                "type": "zip",
                "url": "https://api.github.com/repos/studer-raimann/GeneratePluginInfosHelper/zipball/ba69bc820a45df076f1c65601ee75697236eccc7",
                "reference": "ba69bc820a45df076f1c65601ee75697236eccc7",
                "shasum": ""
            },
            "require": {
                "php": ">=7.0"
            },
            "type": "library",
            "extra": {
                "generate_plugin_readme_template": "SRAG_LIBRARY"
            },
            "autoload": {
                "psr-4": {
                    "srag\\GeneratePluginInfosHelper\\": "src/"
                }
            },
            "notification-url": "https://packagist.org/downloads/",
            "license": [
                "GPL-3.0-only"
            ],
            "authors": [
                {
                    "name": "studer + raimann ag - Team Custom 1",
                    "email": "support-custom1@studer-raimann.ch",
                    "homepage": "https://studer-raimann.ch",
                    "role": "Developer"
                }
            ],
            "description": "Generate plugin infos helper",
            "homepage": "https://github.com/studer-raimann/GeneratePluginInfosHelper",
            "keywords": [
                "Infos",
                "generate",
                "helper",
                "plugin"
            ],
            "time": "2020-11-17T08:37:46+00:00"
        }
    ],
    "aliases": [],
    "minimum-stability": "stable",
    "stability-flags": [],
    "prefer-stable": false,
    "prefer-lowest": false,
    "platform": {
        "php": ">=7.2"
    },
    "platform-dev": [],
    "plugin-api-version": "1.1.0"
}
