{
    "name": "@publish-utils/root",
    "lockfileVersion": 3,
    "requires": true,
    "packages": {
        "": {
            "name": "@publish-utils/root",
            "workspaces": [
                "library/*"
            ],
            "dependencies": {
                "config": "https://github.com/fluxfw/config/archive/refs/tags/v2024-07-08-1.tar.gz",
                "mime-db": "1.52.0"
            },
            "devDependencies": {
                "bundler": "https://github.com/fluxfw/bundler/archive/refs/tags/v2024-07-26-1.tar.gz",
                "uglify-js": "3.17.4"
            }
        },
        "library/build-config": {
            "name": "@publish-utils/build-config"
        },
        "library/publish": {
            "name": "@publish-utils/publish"
        },
        "node_modules/@publish-utils/build-config": {
            "resolved": "library/build-config",
            "link": true
        },
        "node_modules/@publish-utils/publish": {
            "resolved": "library/publish",
            "link": true
        },
        "node_modules/bundler": {
            "resolved": "https://github.com/fluxfw/bundler/archive/refs/tags/v2024-07-26-1.tar.gz",
            "integrity": "sha512-5WUQRpAPOU5/4yZjAu1A8iXHyCZf9dOvpPJin3TbG6OyCdxFFFZlf1HKF/N2vWP2rZssuLoa6DTvC7DqRssTEg==",
            "dev": true
        },
        "node_modules/config": {
            "resolved": "https://github.com/fluxfw/config/archive/refs/tags/v2024-07-08-1.tar.gz",
            "integrity": "sha512-ruMRtntlMG1Q3wTfmbg9jatozxN+P16AvQ9dv2Q40HFplrEUZ+kiYn4/d8NxDlddOH5n5D3/5Gazg6LbbQfzUA=="
        },
        "node_modules/mime-db": {
            "version": "1.52.0",
            "resolved": "https://registry.npmjs.org/mime-db/-/mime-db-1.52.0.tgz",
            "integrity": "sha512-sPU4uV7dYlvtWJxwwxHD0PuihVNiE7TyAbQ5SWxDCB9mUYvOgroQOwYQQOKPJ8CIbE+1ETVlOoK1UC2nU3gYvg==",
            "license": "MIT",
            "engines": {
                "node": ">= 0.6"
            }
        },
        "node_modules/uglify-js": {
            "version": "3.17.4",
            "resolved": "https://registry.npmjs.org/uglify-js/-/uglify-js-3.17.4.tgz",
            "integrity": "sha512-T9q82TJI9e/C1TAxYvfb16xO120tMVFZrGA3f9/P4424DNu6ypK103y0GPFVa17yotwSyZW5iYXgjYHkGrJW/g==",
            "dev": true,
            "license": "BSD-2-Clause",
            "bin": {
                "uglifyjs": "bin/uglifyjs"
            },
            "engines": {
                "node": ">=0.8.0"
            }
        }
    }
}
